
Microsoft Visual Studio Solution File, Format Version 12.00
# Visual Studio Version 16
VisualStudioVersion = 16.0.31105.61
MinimumVisualStudioVersion = 10.0.40219.1
Project("{FAE04EC0-301F-11D3-BF4B-00C04F79EFBC}") = "SecurePrivacyTask2", "SecurePrivacyTask2\SecurePrivacyTask2.csproj", "{CA9B572C-9F81-417E-93BE-8C1ADDC1116B}"
EndProject
Global
	GlobalSection(SolutionConfigurationPlatforms) = preSolution
		Debug|Any CPU = Debug|Any CPU
		Release|Any CPU = Release|Any CPU
	EndGlobalSection
	GlobalSection(ProjectConfigurationPlatforms) = postSolution
		{CA9B572C-9F81-417E-93BE-8C1ADDC1116B}.Debug|Any CPU.ActiveCfg = Debug|Any CPU
		{CA9B572C-9F81-417E-93BE-8C1ADDC1116B}.Debug|Any CPU.Build.0 = Debug|Any CPU
		{CA9B572C-9F81-417E-93BE-8C1ADDC1116B}.Release|Any CPU.ActiveCfg = Release|Any CPU
		{CA9B572C-9F81-417E-93BE-8C1ADDC1116B}.Release|Any CPU.Build.0 = Release|Any CPU
	EndGlobalSection
	GlobalSection(SolutionProperties) = preSolution
		HideSolutionNode = FALSE
	EndGlobalSection
	GlobalSection(ExtensibilityGlobals) = postSolution
		SolutionGuid = {628318C0-A1F8-43D4-AF74-95660B505D9E}
	EndGlobalSection
EndGlobal
